
Microsoft Visual Studio Solution File, Format Version 12.00
# Visual Studio Version 17
VisualStudioVersion = 17.1.32319.34
MinimumVisualStudioVersion = 10.0.40219.1
Project("{FAE04EC0-301F-11D3-BF4B-00C04F79EFBC}") = "WebApi", "WebApi\WebApi.csproj", "{0A992744-C3A3-4CBF-9BDD-01ED427F2540}"
EndProject
Global
	GlobalSection(SolutionConfigurationPlatforms) = preSolution
		Debug|Any CPU = Debug|Any CPU
		Release|Any CPU = Release|Any CPU
	EndGlobalSection
	GlobalSection(ProjectConfigurationPlatforms) = postSolution
		{0A992744-C3A3-4CBF-9BDD-01ED427F2540}.Debug|Any CPU.ActiveCfg = Debug|Any CPU
		{0A992744-C3A3-4CBF-9BDD-01ED427F2540}.Debug|Any CPU.Build.0 = Debug|Any CPU
		{0A992744-C3A3-4CBF-9BDD-01ED427F2540}.Release|Any CPU.ActiveCfg = Release|Any CPU
		{0A992744-C3A3-4CBF-9BDD-01ED427F2540}.Release|Any CPU.Build.0 = Release|Any CPU
	EndGlobalSection
	GlobalSection(SolutionProperties) = preSolution
		HideSolutionNode = FALSE
	EndGlobalSection
	GlobalSection(ExtensibilityGlobals) = postSolution
		SolutionGuid = {F690769E-B1C1-46CF-9296-92A3E55007A2}
	EndGlobalSection
EndGlobal
